
Microsoft Visual Studio Solution File, Format Version 12.00
# Visual Studio Version 16
VisualStudioVersion = 16.0.29418.71
MinimumVisualStudioVersion = 10.0.40219.1
Project("{FAE04EC0-301F-11D3-BF4B-00C04F79EFBC}") = "ElizaBot", "ElizaBot\ElizaBot.csproj", "{ED3E5785-1316-49D8-A8E1-65F347C50311}"
EndProject
Global
	GlobalSection(SolutionConfigurationPlatforms) = preSolution
		Debug|Any CPU = Debug|Any CPU
		Release|Any CPU = Release|Any CPU
	EndGlobalSection
	GlobalSection(ProjectConfigurationPlatforms) = postSolution
		{ED3E5785-1316-49D8-A8E1-65F347C50311}.Debug|Any CPU.ActiveCfg = Debug|Any CPU
		{ED3E5785-1316-49D8-A8E1-65F347C50311}.Debug|Any CPU.Build.0 = Debug|Any CPU
		{ED3E5785-1316-49D8-A8E1-65F347C50311}.Release|Any CPU.ActiveCfg = Release|Any CPU
		{ED3E5785-1316-49D8-A8E1-65F347C50311}.Release|Any CPU.Build.0 = Release|Any CPU
	EndGlobalSection
	GlobalSection(SolutionProperties) = preSolution
		HideSolutionNode = FALSE
	EndGlobalSection
	GlobalSection(ExtensibilityGlobals) = postSolution
		SolutionGuid = {6573F052-B5C1-40AD-98EE-2321D510DC73}
	EndGlobalSection
EndGlobal
