
Microsoft Visual Studio Solution File, Format Version 12.00
# Visual Studio Version 16
VisualStudioVersion = 16.0.30002.166
MinimumVisualStudioVersion = 15.0.26124.0
Project("{9A19103F-16F7-4668-BE54-9A1E7A4F7556}") = "Eliza.Server", "Eliza\Server\Eliza.Server.csproj", "{B31E6D7D-EC8B-4DFF-B64E-F853A6710C23}"
EndProject
Project("{9A19103F-16F7-4668-BE54-9A1E7A4F7556}") = "Eliza.Client", "Eliza\Client\Eliza.Client.csproj", "{EEB049DA-4B9C-4497-B6AB-B86B6EE3298F}"
EndProject
Project("{9A19103F-16F7-4668-BE54-9A1E7A4F7556}") = "Eliza.Shared", "Eliza\Shared\Eliza.Shared.csproj", "{93561D82-7495-4F4B-A558-04AD0907C527}"
EndProject
Project("{9A19103F-16F7-4668-BE54-9A1E7A4F7556}") = "Eliza.Bot", "Eliza.Bot\Eliza.Bot.csproj", "{0C016555-0D68-4860-9847-F0D98C1BD4DB}"
EndProject
Project("{9A19103F-16F7-4668-BE54-9A1E7A4F7556}") = "Eliza.Database", "Eliza.Database\Eliza.Database.csproj", "{36DDC24E-E5E2-46C1-8627-01A0109BCBFF}"
EndProject
Global
	GlobalSection(SolutionConfigurationPlatforms) = preSolution
		Debug|Any CPU = Debug|Any CPU
		Debug|x64 = Debug|x64
		Debug|x86 = Debug|x86
		Release|Any CPU = Release|Any CPU
		Release|x64 = Release|x64
		Release|x86 = Release|x86
	EndGlobalSection
	GlobalSection(ProjectConfigurationPlatforms) = postSolution
		{B31E6D7D-EC8B-4DFF-B64E-F853A6710C23}.Debug|Any CPU.ActiveCfg = Debug|Any CPU
		{B31E6D7D-EC8B-4DFF-B64E-F853A6710C23}.Debug|Any CPU.Build.0 = Debug|Any CPU
		{B31E6D7D-EC8B-4DFF-B64E-F853A6710C23}.Debug|x64.ActiveCfg = Debug|Any CPU
		{B31E6D7D-EC8B-4DFF-B64E-F853A6710C23}.Debug|x64.Build.0 = Debug|Any CPU
		{B31E6D7D-EC8B-4DFF-B64E-F853A6710C23}.Debug|x86.ActiveCfg = Debug|Any CPU
		{B31E6D7D-EC8B-4DFF-B64E-F853A6710C23}.Debug|x86.Build.0 = Debug|Any CPU
		{B31E6D7D-EC8B-4DFF-B64E-F853A6710C23}.Release|Any CPU.ActiveCfg = Release|Any CPU
		{B31E6D7D-EC8B-4DFF-B64E-F853A6710C23}.Release|Any CPU.Build.0 = Release|Any CPU
		{B31E6D7D-EC8B-4DFF-B64E-F853A6710C23}.Release|x64.ActiveCfg = Release|Any CPU
		{B31E6D7D-EC8B-4DFF-B64E-F853A6710C23}.Release|x64.Build.0 = Release|Any CPU
		{B31E6D7D-EC8B-4DFF-B64E-F853A6710C23}.Release|x86.ActiveCfg = Release|Any CPU
		{B31E6D7D-EC8B-4DFF-B64E-F853A6710C23}.Release|x86.Build.0 = Release|Any CPU
		{EEB049DA-4B9C-4497-B6AB-B86B6EE3298F}.Debug|Any CPU.ActiveCfg = Debug|Any CPU
		{EEB049DA-4B9C-4497-B6AB-B86B6EE3298F}.Debug|Any CPU.Build.0 = Debug|Any CPU
		{EEB049DA-4B9C-4497-B6AB-B86B6EE3298F}.Debug|x64.ActiveCfg = Debug|Any CPU
		{EEB049DA-4B9C-4497-B6AB-B86B6EE3298F}.Debug|x64.Build.0 = Debug|Any CPU
		{EEB049DA-4B9C-4497-B6AB-B86B6EE3298F}.Debug|x86.ActiveCfg = Debug|Any CPU
		{EEB049DA-4B9C-4497-B6AB-B86B6EE3298F}.Debug|x86.Build.0 = Debug|Any CPU
		{EEB049DA-4B9C-4497-B6AB-B86B6EE3298F}.Release|Any CPU.ActiveCfg = Release|Any CPU
		{EEB049DA-4B9C-4497-B6AB-B86B6EE3298F}.Release|Any CPU.Build.0 = Release|Any CPU
		{EEB049DA-4B9C-4497-B6AB-B86B6EE3298F}.Release|x64.ActiveCfg = Release|Any CPU
		{EEB049DA-4B9C-4497-B6AB-B86B6EE3298F}.Release|x64.Build.0 = Release|Any CPU
		{EEB049DA-4B9C-4497-B6AB-B86B6EE3298F}.Release|x86.ActiveCfg = Release|Any CPU
		{EEB049DA-4B9C-4497-B6AB-B86B6EE3298F}.Release|x86.Build.0 = Release|Any CPU
		{93561D82-7495-4F4B-A558-04AD0907C527}.Debug|Any CPU.ActiveCfg = Debug|Any CPU
		{93561D82-7495-4F4B-A558-04AD0907C527}.Debug|Any CPU.Build.0 = Debug|Any CPU
		{93561D82-7495-4F4B-A558-04AD0907C527}.Debug|x64.ActiveCfg = Debug|Any CPU
		{93561D82-7495-4F4B-A558-04AD0907C527}.Debug|x64.Build.0 = Debug|Any CPU
		{93561D82-7495-4F4B-A558-04AD0907C527}.Debug|x86.ActiveCfg = Debug|Any CPU
		{93561D82-7495-4F4B-A558-04AD0907C527}.Debug|x86.Build.0 = Debug|Any CPU
		{93561D82-7495-4F4B-A558-04AD0907C527}.Release|Any CPU.ActiveCfg = Release|Any CPU
		{93561D82-7495-4F4B-A558-04AD0907C527}.Release|Any CPU.Build.0 = Release|Any CPU
		{93561D82-7495-4F4B-A558-04AD0907C527}.Release|x64.ActiveCfg = Release|Any CPU
		{93561D82-7495-4F4B-A558-04AD0907C527}.Release|x64.Build.0 = Release|Any CPU
		{93561D82-7495-4F4B-A558-04AD0907C527}.Release|x86.ActiveCfg = Release|Any CPU
		{93561D82-7495-4F4B-A558-04AD0907C527}.Release|x86.Build.0 = Release|Any CPU
		{0C016555-0D68-4860-9847-F0D98C1BD4DB}.Debug|Any CPU.ActiveCfg = Debug|Any CPU
		{0C016555-0D68-4860-9847-F0D98C1BD4DB}.Debug|Any CPU.Build.0 = Debug|Any CPU
		{0C016555-0D68-4860-9847-F0D98C1BD4DB}.Debug|x64.ActiveCfg = Debug|Any CPU
		{0C016555-0D68-4860-9847-F0D98C1BD4DB}.Debug|x64.Build.0 = Debug|Any CPU
		{0C016555-0D68-4860-9847-F0D98C1BD4DB}.Debug|x86.ActiveCfg = Debug|Any CPU
		{0C016555-0D68-4860-9847-F0D98C1BD4DB}.Debug|x86.Build.0 = Debug|Any CPU
		{0C016555-0D68-4860-9847-F0D98C1BD4DB}.Release|Any CPU.ActiveCfg = Release|Any CPU
		{0C016555-0D68-4860-9847-F0D98C1BD4DB}.Release|Any CPU.Build.0 = Release|Any CPU
		{0C016555-0D68-4860-9847-F0D98C1BD4DB}.Release|x64.ActiveCfg = Release|Any CPU
		{0C016555-0D68-4860-9847-F0D98C1BD4DB}.Release|x64.Build.0 = Release|Any CPU
		{0C016555-0D68-4860-9847-F0D98C1BD4DB}.Release|x86.ActiveCfg = Release|Any CPU
		{0C016555-0D68-4860-9847-F0D98C1BD4DB}.Release|x86.Build.0 = Release|Any CPU
		{36DDC24E-E5E2-46C1-8627-01A0109BCBFF}.Debug|Any CPU.ActiveCfg = Debug|Any CPU
		{36DDC24E-E5E2-46C1-8627-01A0109BCBFF}.Debug|Any CPU.Build.0 = Debug|Any CPU
		{36DDC24E-E5E2-46C1-8627-01A0109BCBFF}.Debug|x64.ActiveCfg = Debug|Any CPU
		{36DDC24E-E5E2-46C1-8627-01A0109BCBFF}.Debug|x64.Build.0 = Debug|Any CPU
		{36DDC24E-E5E2-46C1-8627-01A0109BCBFF}.Debug|x86.ActiveCfg = Debug|Any CPU
		{36DDC24E-E5E2-46C1-8627-01A0109BCBFF}.Debug|x86.Build.0 = Debug|Any CPU
		{36DDC24E-E5E2-46C1-8627-01A0109BCBFF}.Release|Any CPU.ActiveCfg = Release|Any CPU
		{36DDC24E-E5E2-46C1-8627-01A0109BCBFF}.Release|Any CPU.Build.0 = Release|Any CPU
		{36DDC24E-E5E2-46C1-8627-01A0109BCBFF}.Release|x64.ActiveCfg = Release|Any CPU
		{36DDC24E-E5E2-46C1-8627-01A0109BCBFF}.Release|x64.Build.0 = Release|Any CPU
		{36DDC24E-E5E2-46C1-8627-01A0109BCBFF}.Release|x86.ActiveCfg = Release|Any CPU
		{36DDC24E-E5E2-46C1-8627-01A0109BCBFF}.Release|x86.Build.0 = Release|Any CPU
	EndGlobalSection
	GlobalSection(SolutionProperties) = preSolution
		HideSolutionNode = FALSE
	EndGlobalSection
	GlobalSection(ExtensibilityGlobals) = postSolution
		SolutionGuid = {217BF225-D41F-4340-BE64-3619E2A420FC}
	EndGlobalSection
EndGlobal
