
Microsoft Visual Studio Solution File, Format Version 12.00
# Visual Studio Version 16
VisualStudioVersion = 16.0.29418.71
MinimumVisualStudioVersion = 10.0.40219.1
Project("{9A19103F-16F7-4668-BE54-9A1E7A4F7556}") = "ElizaBot", "ElizaBot\ElizaBot.csproj", "{ED3E5785-1316-49D8-A8E1-65F347C50311}"
EndProject
Project("{FAE04EC0-301F-11D3-BF4B-00C04F79EFBC}") = "ElizaWebClient.Server", "ElizaWebClient\Server\ElizaWebClient.Server.csproj", "{11AA38D6-7E27-4A57-94CB-0289DE4BF41B}"
EndProject
Project("{FAE04EC0-301F-11D3-BF4B-00C04F79EFBC}") = "ElizaWebClient.Client", "ElizaWebClient\Client\ElizaWebClient.Client.csproj", "{409DC3D7-813A-4EDF-BBBC-D84AD1146A40}"
EndProject
Project("{FAE04EC0-301F-11D3-BF4B-00C04F79EFBC}") = "ElizaWebClient.Shared", "ElizaWebClient\Shared\ElizaWebClient.Shared.csproj", "{D837A57C-764D-4C52-A5C3-73278C2205C3}"
EndProject
Project("{FAE04EC0-301F-11D3-BF4B-00C04F79EFBC}") = "ElizaHost.Shared", "ElizaHost.Shared\ElizaHost.Shared.csproj", "{5A2A5117-4A9A-42BD-96FF-4ABEEAFBC0AC}"
EndProject
Global
	GlobalSection(SolutionConfigurationPlatforms) = preSolution
		Debug|Any CPU = Debug|Any CPU
		Release|Any CPU = Release|Any CPU
	EndGlobalSection
	GlobalSection(ProjectConfigurationPlatforms) = postSolution
		{ED3E5785-1316-49D8-A8E1-65F347C50311}.Debug|Any CPU.ActiveCfg = Debug|Any CPU
		{ED3E5785-1316-49D8-A8E1-65F347C50311}.Debug|Any CPU.Build.0 = Debug|Any CPU
		{ED3E5785-1316-49D8-A8E1-65F347C50311}.Release|Any CPU.ActiveCfg = Release|Any CPU
		{ED3E5785-1316-49D8-A8E1-65F347C50311}.Release|Any CPU.Build.0 = Release|Any CPU
		{11AA38D6-7E27-4A57-94CB-0289DE4BF41B}.Debug|Any CPU.ActiveCfg = Debug|Any CPU
		{11AA38D6-7E27-4A57-94CB-0289DE4BF41B}.Debug|Any CPU.Build.0 = Debug|Any CPU
		{11AA38D6-7E27-4A57-94CB-0289DE4BF41B}.Release|Any CPU.ActiveCfg = Release|Any CPU
		{11AA38D6-7E27-4A57-94CB-0289DE4BF41B}.Release|Any CPU.Build.0 = Release|Any CPU
		{409DC3D7-813A-4EDF-BBBC-D84AD1146A40}.Debug|Any CPU.ActiveCfg = Debug|Any CPU
		{409DC3D7-813A-4EDF-BBBC-D84AD1146A40}.Debug|Any CPU.Build.0 = Debug|Any CPU
		{409DC3D7-813A-4EDF-BBBC-D84AD1146A40}.Release|Any CPU.ActiveCfg = Release|Any CPU
		{409DC3D7-813A-4EDF-BBBC-D84AD1146A40}.Release|Any CPU.Build.0 = Release|Any CPU
		{D837A57C-764D-4C52-A5C3-73278C2205C3}.Debug|Any CPU.ActiveCfg = Debug|Any CPU
		{D837A57C-764D-4C52-A5C3-73278C2205C3}.Debug|Any CPU.Build.0 = Debug|Any CPU
		{D837A57C-764D-4C52-A5C3-73278C2205C3}.Release|Any CPU.ActiveCfg = Release|Any CPU
		{D837A57C-764D-4C52-A5C3-73278C2205C3}.Release|Any CPU.Build.0 = Release|Any CPU
		{5A2A5117-4A9A-42BD-96FF-4ABEEAFBC0AC}.Debug|Any CPU.ActiveCfg = Debug|Any CPU
		{5A2A5117-4A9A-42BD-96FF-4ABEEAFBC0AC}.Debug|Any CPU.Build.0 = Debug|Any CPU
		{5A2A5117-4A9A-42BD-96FF-4ABEEAFBC0AC}.Release|Any CPU.ActiveCfg = Release|Any CPU
		{5A2A5117-4A9A-42BD-96FF-4ABEEAFBC0AC}.Release|Any CPU.Build.0 = Release|Any CPU
	EndGlobalSection
	GlobalSection(SolutionProperties) = preSolution
		HideSolutionNode = FALSE
	EndGlobalSection
	GlobalSection(ExtensibilityGlobals) = postSolution
		SolutionGuid = {6573F052-B5C1-40AD-98EE-2321D510DC73}
	EndGlobalSection
EndGlobal
